
Microsoft Visual Studio Solution File, Format Version 12.00
# Visual Studio Version 16
VisualStudioVersion = 16.0.30517.126
MinimumVisualStudioVersion = 10.0.40219.1
Project("{2150E333-8FDC-42A3-9474-1A3956D46DE8}") = "CSharp-Avancado", "CSharp-Avancado", "{F531EF61-4EAA-4627-84AC-1C88C7691472}"
EndProject
Project("{2150E333-8FDC-42A3-9474-1A3956D46DE8}") = "1-Serializacao", "1-Serializacao", "{470A96A5-80F3-4F0C-AACE-2F44E5F7E1C7}"
EndProject
Project("{FAE04EC0-301F-11D3-BF4B-00C04F79EFBC}") = "Serializacao-XML", "Serializacao\Serializacao-XML.csproj", "{2CF03FB0-692C-41B7-9359-66962AF9696C}"
EndProject
Project("{FAE04EC0-301F-11D3-BF4B-00C04F79EFBC}") = "Serializacao-JSON", "Serializacao-JSON\Serializacao-JSON.csproj", "{846E2165-B7B6-4A60-BF4E-0D80900BEDAC}"
EndProject
Project("{2150E333-8FDC-42A3-9474-1A3956D46DE8}") = "2-Generics", "2-Generics", "{34B57C9F-654F-4300-893E-BEAC43F2362C}"
EndProject
Project("{FAE04EC0-301F-11D3-BF4B-00C04F79EFBC}") = "Generics", "Generics\Generics.csproj", "{51F32225-2B2B-4A54-BB90-A515E9FBB1B0}"
EndProject
Project("{2150E333-8FDC-42A3-9474-1A3956D46DE8}") = "3-Var-Dynamics", "3-Var-Dynamics", "{541D5CB0-D244-41E7-9E42-527234BCA71E}"
EndProject
Project("{FAE04EC0-301F-11D3-BF4B-00C04F79EFBC}") = "Var-Dynamics", "Var-Dinamics\Var-Dynamics.csproj", "{86498333-D869-4F11-B711-161ADB576B2E}"
EndProject
Project("{2150E333-8FDC-42A3-9474-1A3956D46DE8}") = "4-Extension-Methods", "4-Extension-Methods", "{88E38D3C-A4A3-49EC-9102-7B498AD1F629}"
EndProject
Project("{FAE04EC0-301F-11D3-BF4B-00C04F79EFBC}") = "ExtensionMethods", "ExtensionMethods\ExtensionMethods.csproj", "{535A88E2-60F5-41D3-87FF-278BBDC0CE3A}"
EndProject
Project("{2150E333-8FDC-42A3-9474-1A3956D46DE8}") = "5-Nullable", "5-Nullable", "{35DD0BE2-FF3B-49BA-A554-364A37136DD1}"
EndProject
Project("{FAE04EC0-301F-11D3-BF4B-00C04F79EFBC}") = "Nullable", "Nullable\Nullable.csproj", "{B5E052F8-7B96-4138-B633-6069E8084BC9}"
EndProject
Project("{2150E333-8FDC-42A3-9474-1A3956D46DE8}") = "6-Linq", "6-Linq", "{394A380A-A67F-4C6A-98A5-2DBCA1AFDA8E}"
EndProject
Project("{FAE04EC0-301F-11D3-BF4B-00C04F79EFBC}") = "Linq", "Linq\Linq.csproj", "{5E6FFD9B-C023-4392-8B2C-7C1B918DE94A}"
EndProject
Project("{FAE04EC0-301F-11D3-BF4B-00C04F79EFBC}") = "Linq-And-Objects", "Linq-And-Objects\Linq-And-Objects.csproj", "{CD524724-98C0-4F93-8B25-07E300C4871C}"
EndProject
Project("{FAE04EC0-301F-11D3-BF4B-00C04F79EFBC}") = "Linq-Join", "Linq-Join\Linq-Join.csproj", "{7F454D23-F0D3-4BB2-91EB-D50EB6CC6BF3}"
EndProject
Project("{FAE04EC0-301F-11D3-BF4B-00C04F79EFBC}") = "Linq-GroupBy-Distinct", "Linq-GroupBy-Distinct\Linq-GroupBy-Distinct.csproj", "{481B2D4C-2E70-4C9C-AE6F-73B434FBEC4E}"
EndProject
Project("{2150E333-8FDC-42A3-9474-1A3956D46DE8}") = "7-Delegates", "7-Delegates", "{6F9BC828-6984-45FA-98A3-1AA2D0CE562D}"
EndProject
Project("{FAE04EC0-301F-11D3-BF4B-00C04F79EFBC}") = "Delegates", "Delegates\Delegates.csproj", "{DB2AB5C0-D33F-4249-93BC-663FD2D9128D}"
EndProject
Project("{FAE04EC0-301F-11D3-BF4B-00C04F79EFBC}") = "Delegates-Ex2", "Delegates-Ex2\Delegates-Ex2.csproj", "{D2ABC612-8FF2-4EDB-94CD-FE5557E5B7E2}"
EndProject
Project("{2150E333-8FDC-42A3-9474-1A3956D46DE8}") = "8-Events", "8-Events", "{F8F6A1F5-C40C-4F37-A66D-81CC02A8BD99}"
EndProject
Project("{FAE04EC0-301F-11D3-BF4B-00C04F79EFBC}") = "Events", "Events\Events.csproj", "{7ED9682B-09F6-4218-A7E4-CC8B6688BD60}"
EndProject
Project("{FAE04EC0-301F-11D3-BF4B-00C04F79EFBC}") = "Delegates-Ex3", "Delegates-Ex3\Delegates-Ex3.csproj", "{64ACF697-70B0-4D2A-A91C-716C27EEC078}"
EndProject
Project("{2150E333-8FDC-42A3-9474-1A3956D46DE8}") = "Use-A-Cabeca-CSharp", "Use-A-Cabeca-CSharp", "{B56E8359-CF0C-4551-9854-1A6A941BC2BF}"
EndProject
Project("{2150E333-8FDC-42A3-9474-1A3956D46DE8}") = "1-Encapsulamento", "1-Encapsulamento", "{23AD8FA4-4A1E-40FB-9539-28A8587EB922}"
EndProject
Project("{FAE04EC0-301F-11D3-BF4B-00C04F79EFBC}") = "Katkleen-Console", "Katkleen-Console\Katkleen-Console.csproj", "{B393E83F-BC8D-4754-95E2-36281604F14F}"
EndProject
Project("{FAE04EC0-301F-11D3-BF4B-00C04F79EFBC}") = "Katkleen-Form", "Katkleen-Form\Katkleen-Form.csproj", "{0BD511B0-D16B-452A-88C8-0FBD83290684}"
EndProject
Project("{FAE04EC0-301F-11D3-BF4B-00C04F79EFBC}") = "Spy-vs-Spy", "Spy-vs-Spy\Spy-vs-Spy.csproj", "{DCD337FA-19CB-416F-90B8-FA070B0EBD14}"
EndProject
Project("{FAE04EC0-301F-11D3-BF4B-00C04F79EFBC}") = "Farm-Calculator", "Farm-Calculator\Farm-Calculator.csproj", "{74DB6C7A-2E9C-46E3-8D63-2D3A19B615FF}"
EndProject
Project("{2150E333-8FDC-42A3-9474-1A3956D46DE8}") = "2-Heranca", "2-Heranca", "{ED5D212D-4D44-4F62-97CB-93DB5D26AAE4}"
EndProject
Project("{FAE04EC0-301F-11D3-BF4B-00C04F79EFBC}") = "Kathleen-Party-Heranca", "Kathleen-Party-Heranca\Kathleen-Party-Heranca.csproj", "{2C193907-6258-4AD7-83EB-7361CB80F594}"
EndProject
Project("{FAE04EC0-301F-11D3-BF4B-00C04F79EFBC}") = "Zoo", "Zoo\Zoo.csproj", "{10F05AD3-F2F3-4688-9F3C-10807A76DAC3}"
EndProject
Project("{FAE04EC0-301F-11D3-BF4B-00C04F79EFBC}") = "Jewelry", "Jewelry\Jewelry.csproj", "{EEBC251A-0FEE-41AE-912B-DAA40F3F701F}"
EndProject
Project("{2150E333-8FDC-42A3-9474-1A3956D46DE8}") = "3-Interfaces-Classes-Abstratas", "3-Interfaces-Classes-Abstratas", "{778CE9B7-0BAD-4571-B4DF-27905C51CF45}"
EndProject
Project("{FAE04EC0-301F-11D3-BF4B-00C04F79EFBC}") = "Hive-Simulator", "Hive-Simulator\Hive-Simulator.csproj", "{873B022B-BA77-4A0F-88DB-6356B46A667D}"
EndProject
Project("{FAE04EC0-301F-11D3-BF4B-00C04F79EFBC}") = "ClownExample", "ClownExample\ClownExample.csproj", "{A6ED37E3-5D2B-4871-BCBC-258FD0B0BDDD}"
EndProject
Project("{FAE04EC0-301F-11D3-BF4B-00C04F79EFBC}") = "House-Simulator", "House-Simulator\House-Simulator.csproj", "{6F6ACD36-7EE5-4F8E-9BC3-3897A5151286}"
EndProject
Project("{2150E333-8FDC-42A3-9474-1A3956D46DE8}") = "1-ToDo", "1-ToDo", "{5776F89E-0112-4F6A-A1DE-3B238603CD05}"
	ProjectSection(SolutionItems) = preProject
		todo.txt = todo.txt
	EndProjectSection
EndProject
Project("{2150E333-8FDC-42A3-9474-1A3956D46DE8}") = "4-Collections", "4-Collections", "{9915B31E-D294-4681-8353-517BDA74E303}"
EndProject
Project("{FAE04EC0-301F-11D3-BF4B-00C04F79EFBC}") = "Card-Game", "Card-Game\Card-Game.csproj", "{AA40C796-5079-4022-B7E7-0B8173F8800A}"
EndProject
Project("{FAE04EC0-301F-11D3-BF4B-00C04F79EFBC}") = "Shoes-Example", "Shoes-Example\Shoes-Example.csproj", "{F10F5447-3D31-40C1-A451-562BD26A7B9B}"
EndProject
Project("{FAE04EC0-301F-11D3-BF4B-00C04F79EFBC}") = "Lists-Example", "Lists-Example\Lists-Example.csproj", "{D4530C2A-B792-454F-8670-AEC6F885C37C}"
EndProject
Project("{FAE04EC0-301F-11D3-BF4B-00C04F79EFBC}") = "Ducks-Example", "Ducks-Example\Ducks-Example.csproj", "{A9D910ED-FFD6-4326-8D2F-051F2D933D68}"
EndProject
Project("{FAE04EC0-301F-11D3-BF4B-00C04F79EFBC}") = "Dictionary-Example", "Dictionary-Example\Dictionary-Example.csproj", "{98D98AC7-0198-4C1A-96F9-513BB7193F07}"
EndProject
Project("{FAE04EC0-301F-11D3-BF4B-00C04F79EFBC}") = "Go-Fish-Dictionary", "Go-Fish-Dictionary\Go-Fish-Dictionary.csproj", "{D3E6D2EA-01CA-4795-B846-E8C7FBDE0051}"
EndProject
Project("{FAE04EC0-301F-11D3-BF4B-00C04F79EFBC}") = "Queue-And-Stack-Example", "Queue-And-Stack-Example\Queue-And-Stack-Example.csproj", "{26A4FEFE-0D1B-49CD-BBBB-C8306F536222}"
EndProject
Project("{FAE04EC0-301F-11D3-BF4B-00C04F79EFBC}") = "Coffe-Shop", "Coffe-Shop\Coffe-Shop.csproj", "{C3854902-37EA-478F-8811-4CC3AF82C404}"
EndProject
Project("{2150E333-8FDC-42A3-9474-1A3956D46DE8}") = "5-Files.IO", "5-Files.IO", "{426302C6-EFEC-4334-8CE7-610F822DA0D9}"
EndProject
Project("{FAE04EC0-301F-11D3-BF4B-00C04F79EFBC}") = "Files-Example", "Files-Example\Files-Example.csproj", "{B4144917-1E2F-4BC3-86E4-5A99BB8A46D8}"
EndProject
Project("{FAE04EC0-301F-11D3-BF4B-00C04F79EFBC}") = "Files-Example2", "Files-Example2\Files-Example2.csproj", "{1FA96E9C-419B-477F-BFD7-418ED18E7F48}"
EndProject
Project("{FAE04EC0-301F-11D3-BF4B-00C04F79EFBC}") = "Files-Example3", "File-Example3\Files-Example3.csproj", "{64F49500-B1A7-4FD3-BF97-FD575A36BA14}"
EndProject
Project("{FAE04EC0-301F-11D3-BF4B-00C04F79EFBC}") = "Files-Excuse", "Files-Excuse\Files-Excuse.csproj", "{33E20B04-AE58-44B7-ACF1-4FC4B98CE64D}"
EndProject
Project("{FAE04EC0-301F-11D3-BF4B-00C04F79EFBC}") = "Files-Serialize-Deck", "Files-Serialize-Deck\Files-Serialize-Deck.csproj", "{DC8FAE89-4E6D-40E4-92B3-65944B06FBD5}"
EndProject
Project("{2150E333-8FDC-42A3-9474-1A3956D46DE8}") = "POO-Avancado", "POO-Avancado", "{C69605C0-6009-4CF2-AB61-6785AFAFC4DC}"
EndProject
Project("{2150E333-8FDC-42A3-9474-1A3956D46DE8}") = "1-Logica-Programacao", "1-Logica-Programacao", "{FC851104-6476-40D7-B658-1FFB1FD5DF10}"
EndProject
Project("{9A19103F-16F7-4668-BE54-9A1E7A4F7556}") = "EstruturaCondicionalTest", "EstruturaCondicionalTest\EstruturaCondicionalTest.csproj", "{63140D6C-7B83-4B61-8B86-9BAB37374600}"
EndProject
Project("{9A19103F-16F7-4668-BE54-9A1E7A4F7556}") = "EstruturaSequencialTest", "EstruturaSequencialTest\EstruturaSequencialTest.csproj", "{B3198E34-418B-4151-88A1-D0E8B5F544CE}"
EndProject
Project("{2150E333-8FDC-42A3-9474-1A3956D46DE8}") = "2-Classes-Atributos-Metodos", "2-Classes-Atributos-Metodos", "{679B3284-CB31-4EBF-BFF5-0E0D6805DA4A}"
EndProject
Project("{9A19103F-16F7-4668-BE54-9A1E7A4F7556}") = "AppTriangulo", "AppTriangulo\AppTriangulo.csproj", "{474539E0-6F84-4015-9087-F7A3FFAD2C3E}"
EndProject
Project("{9A19103F-16F7-4668-BE54-9A1E7A4F7556}") = "AppEstoque", "AppEstoque\AppEstoque.csproj", "{5682F7DC-9D7C-4076-9BE4-A9C86397420E}"
EndProject
Project("{9A19103F-16F7-4668-BE54-9A1E7A4F7556}") = "AppMembrosEstaticos", "AppMembrosEstaticos\AppMembrosEstaticos.csproj", "{4C6A169E-90DF-4B43-9405-670F41895B69}"
EndProject
Project("{2150E333-8FDC-42A3-9474-1A3956D46DE8}") = "4-Encapsulamento-Construtor-Sobrecarga", "4-Encapsulamento-Construtor-Sobrecarga", "{5A30C10C-4854-45F6-9490-6126D55A7C38}"
EndProject
Project("{9A19103F-16F7-4668-BE54-9A1E7A4F7556}") = "AppProduto", "AppProduto\AppProduto.csproj", "{2E4B224E-2298-4317-AB1B-856FFD8E0FBC}"
EndProject
Project("{9A19103F-16F7-4668-BE54-9A1E7A4F7556}") = "AppBanco", "AppBanco\AppBanco.csproj", "{08A9B1C5-A040-4D80-B197-87C840FA59F6}"
EndProject
Project("{2150E333-8FDC-42A3-9474-1A3956D46DE8}") = "3-Tipo-Arrays-Listas", "3-Tipo-Arrays-Listas", "{8220BFD4-E667-431A-AEE5-6FF36C5513D6}"
EndProject
Project("{9A19103F-16F7-4668-BE54-9A1E7A4F7556}") = "AppNullable", "AppNullable\AppNullable.csproj", "{99C67E52-D041-46BE-83FA-230C56007474}"
EndProject
Project("{9A19103F-16F7-4668-BE54-9A1E7A4F7556}") = "AppVetores", "AppVetores\AppVetores.csproj", "{1591CADA-AA43-4858-985E-1A7C3E325FB3}"
EndProject
Project("{9A19103F-16F7-4668-BE54-9A1E7A4F7556}") = "AppParams", "AppParams\AppParams.csproj", "{7952BC87-0FA9-442D-BDDF-B773ACAD4624}"
EndProject
Project("{9A19103F-16F7-4668-BE54-9A1E7A4F7556}") = "AppList", "AppList\AppList.csproj", "{9F00577A-46A5-4747-A44D-D4F534C3BD66}"
EndProject
Project("{9A19103F-16F7-4668-BE54-9A1E7A4F7556}") = "AppList-Exercicio", "AppList-Exercicio\AppList-Exercicio.csproj", "{33B4A755-3A8E-413D-9FFB-2137590C4514}"
EndProject
Project("{9A19103F-16F7-4668-BE54-9A1E7A4F7556}") = "AppMatrizes", "AppMatrizes\AppMatrizes.csproj", "{0B298D9F-44AC-4F6F-93E9-0BC875FBA5FE}"
EndProject
Project("{9A19103F-16F7-4668-BE54-9A1E7A4F7556}") = "AppHashSet", "AppHashSet\AppHashSet.csproj", "{A33F4F93-51AF-4383-865E-2EFC9C0554E9}"
EndProject
Project("{2150E333-8FDC-42A3-9474-1A3956D46DE8}") = "5-Enumeracoes-Composicao", "5-Enumeracoes-Composicao", "{4EECFF11-18C6-4D9E-9E0D-28FC12D8BAFB}"
EndProject
Project("{9A19103F-16F7-4668-BE54-9A1E7A4F7556}") = "AppPedido", "AppPedido\AppPedido.csproj", "{1A123879-7DC9-47AC-A248-67C1D9A91802}"
EndProject
Project("{9A19103F-16F7-4668-BE54-9A1E7A4F7556}") = "AppWorker", "AppWorker\AppWorker.csproj", "{5C49896C-9400-4EAD-942E-0EC6BFE3C920}"
EndProject
Project("{2150E333-8FDC-42A3-9474-1A3956D46DE8}") = "6-Heranca-Polimorfismo", "6-Heranca-Polimorfismo", "{B43BFEDE-0443-49FB-AC2D-206DBC3D3A5D}"
EndProject
Project("{9A19103F-16F7-4668-BE54-9A1E7A4F7556}") = "AppAccount", "AppAccount\AppAccount.csproj", "{D1D7E5F5-0E01-493A-9FAA-065B860DAB80}"
EndProject
Project("{9A19103F-16F7-4668-BE54-9A1E7A4F7556}") = "AppEmployee", "AppEmployee\AppEmployee.csproj", "{40517DD5-7ADD-4C5B-877E-91B901375A13}"
EndProject
Project("{9A19103F-16F7-4668-BE54-9A1E7A4F7556}") = "AppAbstractTax", "AppAbstractTax\AppAbstractTax.csproj", "{98C9F836-7D86-4162-AFC0-71B62CC494A6}"
EndProject
Project("{2150E333-8FDC-42A3-9474-1A3956D46DE8}") = "7-Interfaces", "7-Interfaces", "{C0702DC3-0265-4ABF-AF24-E790C4498989}"
EndProject
Project("{FAE04EC0-301F-11D3-BF4B-00C04F79EFBC}") = "AppRentACar", "AppRentACar\AppRentACar.csproj", "{707D8CD4-7888-4B09-A873-D56A3B301837}"
EndProject
Global
	GlobalSection(SolutionConfigurationPlatforms) = preSolution
		Debug|Any CPU = Debug|Any CPU
		Release|Any CPU = Release|Any CPU
	EndGlobalSection
	GlobalSection(ProjectConfigurationPlatforms) = postSolution
		{2CF03FB0-692C-41B7-9359-66962AF9696C}.Debug|Any CPU.ActiveCfg = Debug|Any CPU
		{2CF03FB0-692C-41B7-9359-66962AF9696C}.Debug|Any CPU.Build.0 = Debug|Any CPU
		{2CF03FB0-692C-41B7-9359-66962AF9696C}.Release|Any CPU.ActiveCfg = Release|Any CPU
		{2CF03FB0-692C-41B7-9359-66962AF9696C}.Release|Any CPU.Build.0 = Release|Any CPU
		{846E2165-B7B6-4A60-BF4E-0D80900BEDAC}.Debug|Any CPU.ActiveCfg = Debug|Any CPU
		{846E2165-B7B6-4A60-BF4E-0D80900BEDAC}.Debug|Any CPU.Build.0 = Debug|Any CPU
		{846E2165-B7B6-4A60-BF4E-0D80900BEDAC}.Release|Any CPU.ActiveCfg = Release|Any CPU
		{846E2165-B7B6-4A60-BF4E-0D80900BEDAC}.Release|Any CPU.Build.0 = Release|Any CPU
		{51F32225-2B2B-4A54-BB90-A515E9FBB1B0}.Debug|Any CPU.ActiveCfg = Debug|Any CPU
		{51F32225-2B2B-4A54-BB90-A515E9FBB1B0}.Debug|Any CPU.Build.0 = Debug|Any CPU
		{51F32225-2B2B-4A54-BB90-A515E9FBB1B0}.Release|Any CPU.ActiveCfg = Release|Any CPU
		{51F32225-2B2B-4A54-BB90-A515E9FBB1B0}.Release|Any CPU.Build.0 = Release|Any CPU
		{86498333-D869-4F11-B711-161ADB576B2E}.Debug|Any CPU.ActiveCfg = Debug|Any CPU
		{86498333-D869-4F11-B711-161ADB576B2E}.Debug|Any CPU.Build.0 = Debug|Any CPU
		{86498333-D869-4F11-B711-161ADB576B2E}.Release|Any CPU.ActiveCfg = Release|Any CPU
		{86498333-D869-4F11-B711-161ADB576B2E}.Release|Any CPU.Build.0 = Release|Any CPU
		{535A88E2-60F5-41D3-87FF-278BBDC0CE3A}.Debug|Any CPU.ActiveCfg = Debug|Any CPU
		{535A88E2-60F5-41D3-87FF-278BBDC0CE3A}.Debug|Any CPU.Build.0 = Debug|Any CPU
		{535A88E2-60F5-41D3-87FF-278BBDC0CE3A}.Release|Any CPU.ActiveCfg = Release|Any CPU
		{535A88E2-60F5-41D3-87FF-278BBDC0CE3A}.Release|Any CPU.Build.0 = Release|Any CPU
		{B5E052F8-7B96-4138-B633-6069E8084BC9}.Debug|Any CPU.ActiveCfg = Debug|Any CPU
		{B5E052F8-7B96-4138-B633-6069E8084BC9}.Debug|Any CPU.Build.0 = Debug|Any CPU
		{B5E052F8-7B96-4138-B633-6069E8084BC9}.Release|Any CPU.ActiveCfg = Release|Any CPU
		{B5E052F8-7B96-4138-B633-6069E8084BC9}.Release|Any CPU.Build.0 = Release|Any CPU
		{5E6FFD9B-C023-4392-8B2C-7C1B918DE94A}.Debug|Any CPU.ActiveCfg = Debug|Any CPU
		{5E6FFD9B-C023-4392-8B2C-7C1B918DE94A}.Debug|Any CPU.Build.0 = Debug|Any CPU
		{5E6FFD9B-C023-4392-8B2C-7C1B918DE94A}.Release|Any CPU.ActiveCfg = Release|Any CPU
		{5E6FFD9B-C023-4392-8B2C-7C1B918DE94A}.Release|Any CPU.Build.0 = Release|Any CPU
		{CD524724-98C0-4F93-8B25-07E300C4871C}.Debug|Any CPU.ActiveCfg = Debug|Any CPU
		{CD524724-98C0-4F93-8B25-07E300C4871C}.Debug|Any CPU.Build.0 = Debug|Any CPU
		{CD524724-98C0-4F93-8B25-07E300C4871C}.Release|Any CPU.ActiveCfg = Release|Any CPU
		{CD524724-98C0-4F93-8B25-07E300C4871C}.Release|Any CPU.Build.0 = Release|Any CPU
		{7F454D23-F0D3-4BB2-91EB-D50EB6CC6BF3}.Debug|Any CPU.ActiveCfg = Debug|Any CPU
		{7F454D23-F0D3-4BB2-91EB-D50EB6CC6BF3}.Debug|Any CPU.Build.0 = Debug|Any CPU
		{7F454D23-F0D3-4BB2-91EB-D50EB6CC6BF3}.Release|Any CPU.ActiveCfg = Release|Any CPU
		{7F454D23-F0D3-4BB2-91EB-D50EB6CC6BF3}.Release|Any CPU.Build.0 = Release|Any CPU
		{481B2D4C-2E70-4C9C-AE6F-73B434FBEC4E}.Debug|Any CPU.ActiveCfg = Debug|Any CPU
		{481B2D4C-2E70-4C9C-AE6F-73B434FBEC4E}.Debug|Any CPU.Build.0 = Debug|Any CPU
		{481B2D4C-2E70-4C9C-AE6F-73B434FBEC4E}.Release|Any CPU.ActiveCfg = Release|Any CPU
		{481B2D4C-2E70-4C9C-AE6F-73B434FBEC4E}.Release|Any CPU.Build.0 = Release|Any CPU
		{DB2AB5C0-D33F-4249-93BC-663FD2D9128D}.Debug|Any CPU.ActiveCfg = Debug|Any CPU
		{DB2AB5C0-D33F-4249-93BC-663FD2D9128D}.Debug|Any CPU.Build.0 = Debug|Any CPU
		{DB2AB5C0-D33F-4249-93BC-663FD2D9128D}.Release|Any CPU.ActiveCfg = Release|Any CPU
		{DB2AB5C0-D33F-4249-93BC-663FD2D9128D}.Release|Any CPU.Build.0 = Release|Any CPU
		{D2ABC612-8FF2-4EDB-94CD-FE5557E5B7E2}.Debug|Any CPU.ActiveCfg = Debug|Any CPU
		{D2ABC612-8FF2-4EDB-94CD-FE5557E5B7E2}.Debug|Any CPU.Build.0 = Debug|Any CPU
		{D2ABC612-8FF2-4EDB-94CD-FE5557E5B7E2}.Release|Any CPU.ActiveCfg = Release|Any CPU
		{D2ABC612-8FF2-4EDB-94CD-FE5557E5B7E2}.Release|Any CPU.Build.0 = Release|Any CPU
		{7ED9682B-09F6-4218-A7E4-CC8B6688BD60}.Debug|Any CPU.ActiveCfg = Debug|Any CPU
		{7ED9682B-09F6-4218-A7E4-CC8B6688BD60}.Debug|Any CPU.Build.0 = Debug|Any CPU
		{7ED9682B-09F6-4218-A7E4-CC8B6688BD60}.Release|Any CPU.ActiveCfg = Release|Any CPU
		{7ED9682B-09F6-4218-A7E4-CC8B6688BD60}.Release|Any CPU.Build.0 = Release|Any CPU
		{64ACF697-70B0-4D2A-A91C-716C27EEC078}.Debug|Any CPU.ActiveCfg = Debug|Any CPU
		{64ACF697-70B0-4D2A-A91C-716C27EEC078}.Debug|Any CPU.Build.0 = Debug|Any CPU
		{64ACF697-70B0-4D2A-A91C-716C27EEC078}.Release|Any CPU.ActiveCfg = Release|Any CPU
		{64ACF697-70B0-4D2A-A91C-716C27EEC078}.Release|Any CPU.Build.0 = Release|Any CPU
		{B393E83F-BC8D-4754-95E2-36281604F14F}.Debug|Any CPU.ActiveCfg = Debug|Any CPU
		{B393E83F-BC8D-4754-95E2-36281604F14F}.Debug|Any CPU.Build.0 = Debug|Any CPU
		{B393E83F-BC8D-4754-95E2-36281604F14F}.Release|Any CPU.ActiveCfg = Release|Any CPU
		{B393E83F-BC8D-4754-95E2-36281604F14F}.Release|Any CPU.Build.0 = Release|Any CPU
		{0BD511B0-D16B-452A-88C8-0FBD83290684}.Debug|Any CPU.ActiveCfg = Debug|Any CPU
		{0BD511B0-D16B-452A-88C8-0FBD83290684}.Debug|Any CPU.Build.0 = Debug|Any CPU
		{0BD511B0-D16B-452A-88C8-0FBD83290684}.Release|Any CPU.ActiveCfg = Release|Any CPU
		{0BD511B0-D16B-452A-88C8-0FBD83290684}.Release|Any CPU.Build.0 = Release|Any CPU
		{DCD337FA-19CB-416F-90B8-FA070B0EBD14}.Debug|Any CPU.ActiveCfg = Debug|Any CPU
		{DCD337FA-19CB-416F-90B8-FA070B0EBD14}.Debug|Any CPU.Build.0 = Debug|Any CPU
		{DCD337FA-19CB-416F-90B8-FA070B0EBD14}.Release|Any CPU.ActiveCfg = Release|Any CPU
		{DCD337FA-19CB-416F-90B8-FA070B0EBD14}.Release|Any CPU.Build.0 = Release|Any CPU
		{74DB6C7A-2E9C-46E3-8D63-2D3A19B615FF}.Debug|Any CPU.ActiveCfg = Debug|Any CPU
		{74DB6C7A-2E9C-46E3-8D63-2D3A19B615FF}.Debug|Any CPU.Build.0 = Debug|Any CPU
		{74DB6C7A-2E9C-46E3-8D63-2D3A19B615FF}.Release|Any CPU.ActiveCfg = Release|Any CPU
		{74DB6C7A-2E9C-46E3-8D63-2D3A19B615FF}.Release|Any CPU.Build.0 = Release|Any CPU
		{2C193907-6258-4AD7-83EB-7361CB80F594}.Debug|Any CPU.ActiveCfg = Debug|Any CPU
		{2C193907-6258-4AD7-83EB-7361CB80F594}.Debug|Any CPU.Build.0 = Debug|Any CPU
		{2C193907-6258-4AD7-83EB-7361CB80F594}.Release|Any CPU.ActiveCfg = Release|Any CPU
		{2C193907-6258-4AD7-83EB-7361CB80F594}.Release|Any CPU.Build.0 = Release|Any CPU
		{10F05AD3-F2F3-4688-9F3C-10807A76DAC3}.Debug|Any CPU.ActiveCfg = Debug|Any CPU
		{10F05AD3-F2F3-4688-9F3C-10807A76DAC3}.Debug|Any CPU.Build.0 = Debug|Any CPU
		{10F05AD3-F2F3-4688-9F3C-10807A76DAC3}.Release|Any CPU.ActiveCfg = Release|Any CPU
		{10F05AD3-F2F3-4688-9F3C-10807A76DAC3}.Release|Any CPU.Build.0 = Release|Any CPU
		{EEBC251A-0FEE-41AE-912B-DAA40F3F701F}.Debug|Any CPU.ActiveCfg = Debug|Any CPU
		{EEBC251A-0FEE-41AE-912B-DAA40F3F701F}.Debug|Any CPU.Build.0 = Debug|Any CPU
		{EEBC251A-0FEE-41AE-912B-DAA40F3F701F}.Release|Any CPU.ActiveCfg = Release|Any CPU
		{EEBC251A-0FEE-41AE-912B-DAA40F3F701F}.Release|Any CPU.Build.0 = Release|Any CPU
		{873B022B-BA77-4A0F-88DB-6356B46A667D}.Debug|Any CPU.ActiveCfg = Debug|Any CPU
		{873B022B-BA77-4A0F-88DB-6356B46A667D}.Debug|Any CPU.Build.0 = Debug|Any CPU
		{873B022B-BA77-4A0F-88DB-6356B46A667D}.Release|Any CPU.ActiveCfg = Release|Any CPU
		{873B022B-BA77-4A0F-88DB-6356B46A667D}.Release|Any CPU.Build.0 = Release|Any CPU
		{A6ED37E3-5D2B-4871-BCBC-258FD0B0BDDD}.Debug|Any CPU.ActiveCfg = Debug|Any CPU
		{A6ED37E3-5D2B-4871-BCBC-258FD0B0BDDD}.Debug|Any CPU.Build.0 = Debug|Any CPU
		{A6ED37E3-5D2B-4871-BCBC-258FD0B0BDDD}.Release|Any CPU.ActiveCfg = Release|Any CPU
		{A6ED37E3-5D2B-4871-BCBC-258FD0B0BDDD}.Release|Any CPU.Build.0 = Release|Any CPU
		{6F6ACD36-7EE5-4F8E-9BC3-3897A5151286}.Debug|Any CPU.ActiveCfg = Debug|Any CPU
		{6F6ACD36-7EE5-4F8E-9BC3-3897A5151286}.Debug|Any CPU.Build.0 = Debug|Any CPU
		{6F6ACD36-7EE5-4F8E-9BC3-3897A5151286}.Release|Any CPU.ActiveCfg = Release|Any CPU
		{6F6ACD36-7EE5-4F8E-9BC3-3897A5151286}.Release|Any CPU.Build.0 = Release|Any CPU
		{AA40C796-5079-4022-B7E7-0B8173F8800A}.Debug|Any CPU.ActiveCfg = Debug|Any CPU
		{AA40C796-5079-4022-B7E7-0B8173F8800A}.Debug|Any CPU.Build.0 = Debug|Any CPU
		{AA40C796-5079-4022-B7E7-0B8173F8800A}.Release|Any CPU.ActiveCfg = Release|Any CPU
		{AA40C796-5079-4022-B7E7-0B8173F8800A}.Release|Any CPU.Build.0 = Release|Any CPU
		{F10F5447-3D31-40C1-A451-562BD26A7B9B}.Debug|Any CPU.ActiveCfg = Debug|Any CPU
		{F10F5447-3D31-40C1-A451-562BD26A7B9B}.Debug|Any CPU.Build.0 = Debug|Any CPU
		{F10F5447-3D31-40C1-A451-562BD26A7B9B}.Release|Any CPU.ActiveCfg = Release|Any CPU
		{F10F5447-3D31-40C1-A451-562BD26A7B9B}.Release|Any CPU.Build.0 = Release|Any CPU
		{D4530C2A-B792-454F-8670-AEC6F885C37C}.Debug|Any CPU.ActiveCfg = Debug|Any CPU
		{D4530C2A-B792-454F-8670-AEC6F885C37C}.Debug|Any CPU.Build.0 = Debug|Any CPU
		{D4530C2A-B792-454F-8670-AEC6F885C37C}.Release|Any CPU.ActiveCfg = Release|Any CPU
		{D4530C2A-B792-454F-8670-AEC6F885C37C}.Release|Any CPU.Build.0 = Release|Any CPU
		{A9D910ED-FFD6-4326-8D2F-051F2D933D68}.Debug|Any CPU.ActiveCfg = Debug|Any CPU
		{A9D910ED-FFD6-4326-8D2F-051F2D933D68}.Debug|Any CPU.Build.0 = Debug|Any CPU
		{A9D910ED-FFD6-4326-8D2F-051F2D933D68}.Release|Any CPU.ActiveCfg = Release|Any CPU
		{A9D910ED-FFD6-4326-8D2F-051F2D933D68}.Release|Any CPU.Build.0 = Release|Any CPU
		{98D98AC7-0198-4C1A-96F9-513BB7193F07}.Debug|Any CPU.ActiveCfg = Debug|Any CPU
		{98D98AC7-0198-4C1A-96F9-513BB7193F07}.Debug|Any CPU.Build.0 = Debug|Any CPU
		{98D98AC7-0198-4C1A-96F9-513BB7193F07}.Release|Any CPU.ActiveCfg = Release|Any CPU
		{98D98AC7-0198-4C1A-96F9-513BB7193F07}.Release|Any CPU.Build.0 = Release|Any CPU
		{D3E6D2EA-01CA-4795-B846-E8C7FBDE0051}.Debug|Any CPU.ActiveCfg = Debug|Any CPU
		{D3E6D2EA-01CA-4795-B846-E8C7FBDE0051}.Debug|Any CPU.Build.0 = Debug|Any CPU
		{D3E6D2EA-01CA-4795-B846-E8C7FBDE0051}.Release|Any CPU.ActiveCfg = Release|Any CPU
		{D3E6D2EA-01CA-4795-B846-E8C7FBDE0051}.Release|Any CPU.Build.0 = Release|Any CPU
		{26A4FEFE-0D1B-49CD-BBBB-C8306F536222}.Debug|Any CPU.ActiveCfg = Debug|Any CPU
		{26A4FEFE-0D1B-49CD-BBBB-C8306F536222}.Debug|Any CPU.Build.0 = Debug|Any CPU
		{26A4FEFE-0D1B-49CD-BBBB-C8306F536222}.Release|Any CPU.ActiveCfg = Release|Any CPU
		{26A4FEFE-0D1B-49CD-BBBB-C8306F536222}.Release|Any CPU.Build.0 = Release|Any CPU
		{C3854902-37EA-478F-8811-4CC3AF82C404}.Debug|Any CPU.ActiveCfg = Debug|Any CPU
		{C3854902-37EA-478F-8811-4CC3AF82C404}.Debug|Any CPU.Build.0 = Debug|Any CPU
		{C3854902-37EA-478F-8811-4CC3AF82C404}.Release|Any CPU.ActiveCfg = Release|Any CPU
		{C3854902-37EA-478F-8811-4CC3AF82C404}.Release|Any CPU.Build.0 = Release|Any CPU
		{B4144917-1E2F-4BC3-86E4-5A99BB8A46D8}.Debug|Any CPU.ActiveCfg = Debug|Any CPU
		{B4144917-1E2F-4BC3-86E4-5A99BB8A46D8}.Debug|Any CPU.Build.0 = Debug|Any CPU
		{B4144917-1E2F-4BC3-86E4-5A99BB8A46D8}.Release|Any CPU.ActiveCfg = Release|Any CPU
		{B4144917-1E2F-4BC3-86E4-5A99BB8A46D8}.Release|Any CPU.Build.0 = Release|Any CPU
		{1FA96E9C-419B-477F-BFD7-418ED18E7F48}.Debug|Any CPU.ActiveCfg = Debug|Any CPU
		{1FA96E9C-419B-477F-BFD7-418ED18E7F48}.Debug|Any CPU.Build.0 = Debug|Any CPU
		{1FA96E9C-419B-477F-BFD7-418ED18E7F48}.Release|Any CPU.ActiveCfg = Release|Any CPU
		{1FA96E9C-419B-477F-BFD7-418ED18E7F48}.Release|Any CPU.Build.0 = Release|Any CPU
		{64F49500-B1A7-4FD3-BF97-FD575A36BA14}.Debug|Any CPU.ActiveCfg = Debug|Any CPU
		{64F49500-B1A7-4FD3-BF97-FD575A36BA14}.Debug|Any CPU.Build.0 = Debug|Any CPU
		{64F49500-B1A7-4FD3-BF97-FD575A36BA14}.Release|Any CPU.ActiveCfg = Release|Any CPU
		{64F49500-B1A7-4FD3-BF97-FD575A36BA14}.Release|Any CPU.Build.0 = Release|Any CPU
		{33E20B04-AE58-44B7-ACF1-4FC4B98CE64D}.Debug|Any CPU.ActiveCfg = Debug|Any CPU
		{33E20B04-AE58-44B7-ACF1-4FC4B98CE64D}.Debug|Any CPU.Build.0 = Debug|Any CPU
		{33E20B04-AE58-44B7-ACF1-4FC4B98CE64D}.Release|Any CPU.ActiveCfg = Release|Any CPU
		{33E20B04-AE58-44B7-ACF1-4FC4B98CE64D}.Release|Any CPU.Build.0 = Release|Any CPU
		{DC8FAE89-4E6D-40E4-92B3-65944B06FBD5}.Debug|Any CPU.ActiveCfg = Debug|Any CPU
		{DC8FAE89-4E6D-40E4-92B3-65944B06FBD5}.Debug|Any CPU.Build.0 = Debug|Any CPU
		{DC8FAE89-4E6D-40E4-92B3-65944B06FBD5}.Release|Any CPU.ActiveCfg = Release|Any CPU
		{DC8FAE89-4E6D-40E4-92B3-65944B06FBD5}.Release|Any CPU.Build.0 = Release|Any CPU
		{63140D6C-7B83-4B61-8B86-9BAB37374600}.Debug|Any CPU.ActiveCfg = Debug|Any CPU
		{63140D6C-7B83-4B61-8B86-9BAB37374600}.Debug|Any CPU.Build.0 = Debug|Any CPU
		{63140D6C-7B83-4B61-8B86-9BAB37374600}.Release|Any CPU.ActiveCfg = Release|Any CPU
		{63140D6C-7B83-4B61-8B86-9BAB37374600}.Release|Any CPU.Build.0 = Release|Any CPU
		{B3198E34-418B-4151-88A1-D0E8B5F544CE}.Debug|Any CPU.ActiveCfg = Debug|Any CPU
		{B3198E34-418B-4151-88A1-D0E8B5F544CE}.Debug|Any CPU.Build.0 = Debug|Any CPU
		{B3198E34-418B-4151-88A1-D0E8B5F544CE}.Release|Any CPU.ActiveCfg = Release|Any CPU
		{B3198E34-418B-4151-88A1-D0E8B5F544CE}.Release|Any CPU.Build.0 = Release|Any CPU
		{474539E0-6F84-4015-9087-F7A3FFAD2C3E}.Debug|Any CPU.ActiveCfg = Debug|Any CPU
		{474539E0-6F84-4015-9087-F7A3FFAD2C3E}.Debug|Any CPU.Build.0 = Debug|Any CPU
		{474539E0-6F84-4015-9087-F7A3FFAD2C3E}.Release|Any CPU.ActiveCfg = Release|Any CPU
		{474539E0-6F84-4015-9087-F7A3FFAD2C3E}.Release|Any CPU.Build.0 = Release|Any CPU
		{5682F7DC-9D7C-4076-9BE4-A9C86397420E}.Debug|Any CPU.ActiveCfg = Debug|Any CPU
		{5682F7DC-9D7C-4076-9BE4-A9C86397420E}.Debug|Any CPU.Build.0 = Debug|Any CPU
		{5682F7DC-9D7C-4076-9BE4-A9C86397420E}.Release|Any CPU.ActiveCfg = Release|Any CPU
		{5682F7DC-9D7C-4076-9BE4-A9C86397420E}.Release|Any CPU.Build.0 = Release|Any CPU
		{4C6A169E-90DF-4B43-9405-670F41895B69}.Debug|Any CPU.ActiveCfg = Debug|Any CPU
		{4C6A169E-90DF-4B43-9405-670F41895B69}.Debug|Any CPU.Build.0 = Debug|Any CPU
		{4C6A169E-90DF-4B43-9405-670F41895B69}.Release|Any CPU.ActiveCfg = Release|Any CPU
		{4C6A169E-90DF-4B43-9405-670F41895B69}.Release|Any CPU.Build.0 = Release|Any CPU
		{2E4B224E-2298-4317-AB1B-856FFD8E0FBC}.Debug|Any CPU.ActiveCfg = Debug|Any CPU
		{2E4B224E-2298-4317-AB1B-856FFD8E0FBC}.Debug|Any CPU.Build.0 = Debug|Any CPU
		{2E4B224E-2298-4317-AB1B-856FFD8E0FBC}.Release|Any CPU.ActiveCfg = Release|Any CPU
		{2E4B224E-2298-4317-AB1B-856FFD8E0FBC}.Release|Any CPU.Build.0 = Release|Any CPU
		{08A9B1C5-A040-4D80-B197-87C840FA59F6}.Debug|Any CPU.ActiveCfg = Debug|Any CPU
		{08A9B1C5-A040-4D80-B197-87C840FA59F6}.Debug|Any CPU.Build.0 = Debug|Any CPU
		{08A9B1C5-A040-4D80-B197-87C840FA59F6}.Release|Any CPU.ActiveCfg = Release|Any CPU
		{08A9B1C5-A040-4D80-B197-87C840FA59F6}.Release|Any CPU.Build.0 = Release|Any CPU
		{99C67E52-D041-46BE-83FA-230C56007474}.Debug|Any CPU.ActiveCfg = Debug|Any CPU
		{99C67E52-D041-46BE-83FA-230C56007474}.Debug|Any CPU.Build.0 = Debug|Any CPU
		{99C67E52-D041-46BE-83FA-230C56007474}.Release|Any CPU.ActiveCfg = Release|Any CPU
		{99C67E52-D041-46BE-83FA-230C56007474}.Release|Any CPU.Build.0 = Release|Any CPU
		{1591CADA-AA43-4858-985E-1A7C3E325FB3}.Debug|Any CPU.ActiveCfg = Debug|Any CPU
		{1591CADA-AA43-4858-985E-1A7C3E325FB3}.Debug|Any CPU.Build.0 = Debug|Any CPU
		{1591CADA-AA43-4858-985E-1A7C3E325FB3}.Release|Any CPU.ActiveCfg = Release|Any CPU
		{1591CADA-AA43-4858-985E-1A7C3E325FB3}.Release|Any CPU.Build.0 = Release|Any CPU
		{7952BC87-0FA9-442D-BDDF-B773ACAD4624}.Debug|Any CPU.ActiveCfg = Debug|Any CPU
		{7952BC87-0FA9-442D-BDDF-B773ACAD4624}.Debug|Any CPU.Build.0 = Debug|Any CPU
		{7952BC87-0FA9-442D-BDDF-B773ACAD4624}.Release|Any CPU.ActiveCfg = Release|Any CPU
		{7952BC87-0FA9-442D-BDDF-B773ACAD4624}.Release|Any CPU.Build.0 = Release|Any CPU
		{9F00577A-46A5-4747-A44D-D4F534C3BD66}.Debug|Any CPU.ActiveCfg = Debug|Any CPU
		{9F00577A-46A5-4747-A44D-D4F534C3BD66}.Debug|Any CPU.Build.0 = Debug|Any CPU
		{9F00577A-46A5-4747-A44D-D4F534C3BD66}.Release|Any CPU.ActiveCfg = Release|Any CPU
		{9F00577A-46A5-4747-A44D-D4F534C3BD66}.Release|Any CPU.Build.0 = Release|Any CPU
		{33B4A755-3A8E-413D-9FFB-2137590C4514}.Debug|Any CPU.ActiveCfg = Debug|Any CPU
		{33B4A755-3A8E-413D-9FFB-2137590C4514}.Debug|Any CPU.Build.0 = Debug|Any CPU
		{33B4A755-3A8E-413D-9FFB-2137590C4514}.Release|Any CPU.ActiveCfg = Release|Any CPU
		{33B4A755-3A8E-413D-9FFB-2137590C4514}.Release|Any CPU.Build.0 = Release|Any CPU
		{0B298D9F-44AC-4F6F-93E9-0BC875FBA5FE}.Debug|Any CPU.ActiveCfg = Debug|Any CPU
		{0B298D9F-44AC-4F6F-93E9-0BC875FBA5FE}.Debug|Any CPU.Build.0 = Debug|Any CPU
		{0B298D9F-44AC-4F6F-93E9-0BC875FBA5FE}.Release|Any CPU.ActiveCfg = Release|Any CPU
		{0B298D9F-44AC-4F6F-93E9-0BC875FBA5FE}.Release|Any CPU.Build.0 = Release|Any CPU
		{A33F4F93-51AF-4383-865E-2EFC9C0554E9}.Debug|Any CPU.ActiveCfg = Debug|Any CPU
		{A33F4F93-51AF-4383-865E-2EFC9C0554E9}.Debug|Any CPU.Build.0 = Debug|Any CPU
		{A33F4F93-51AF-4383-865E-2EFC9C0554E9}.Release|Any CPU.ActiveCfg = Release|Any CPU
		{A33F4F93-51AF-4383-865E-2EFC9C0554E9}.Release|Any CPU.Build.0 = Release|Any CPU
		{1A123879-7DC9-47AC-A248-67C1D9A91802}.Debug|Any CPU.ActiveCfg = Debug|Any CPU
		{1A123879-7DC9-47AC-A248-67C1D9A91802}.Debug|Any CPU.Build.0 = Debug|Any CPU
		{1A123879-7DC9-47AC-A248-67C1D9A91802}.Release|Any CPU.ActiveCfg = Release|Any CPU
		{1A123879-7DC9-47AC-A248-67C1D9A91802}.Release|Any CPU.Build.0 = Release|Any CPU
		{5C49896C-9400-4EAD-942E-0EC6BFE3C920}.Debug|Any CPU.ActiveCfg = Debug|Any CPU
		{5C49896C-9400-4EAD-942E-0EC6BFE3C920}.Debug|Any CPU.Build.0 = Debug|Any CPU
		{5C49896C-9400-4EAD-942E-0EC6BFE3C920}.Release|Any CPU.ActiveCfg = Release|Any CPU
		{5C49896C-9400-4EAD-942E-0EC6BFE3C920}.Release|Any CPU.Build.0 = Release|Any CPU
		{D1D7E5F5-0E01-493A-9FAA-065B860DAB80}.Debug|Any CPU.ActiveCfg = Debug|Any CPU
		{D1D7E5F5-0E01-493A-9FAA-065B860DAB80}.Debug|Any CPU.Build.0 = Debug|Any CPU
		{D1D7E5F5-0E01-493A-9FAA-065B860DAB80}.Release|Any CPU.ActiveCfg = Release|Any CPU
		{D1D7E5F5-0E01-493A-9FAA-065B860DAB80}.Release|Any CPU.Build.0 = Release|Any CPU
		{40517DD5-7ADD-4C5B-877E-91B901375A13}.Debug|Any CPU.ActiveCfg = Debug|Any CPU
		{40517DD5-7ADD-4C5B-877E-91B901375A13}.Debug|Any CPU.Build.0 = Debug|Any CPU
		{40517DD5-7ADD-4C5B-877E-91B901375A13}.Release|Any CPU.ActiveCfg = Release|Any CPU
		{40517DD5-7ADD-4C5B-877E-91B901375A13}.Release|Any CPU.Build.0 = Release|Any CPU
		{98C9F836-7D86-4162-AFC0-71B62CC494A6}.Debug|Any CPU.ActiveCfg = Debug|Any CPU
		{98C9F836-7D86-4162-AFC0-71B62CC494A6}.Debug|Any CPU.Build.0 = Debug|Any CPU
		{98C9F836-7D86-4162-AFC0-71B62CC494A6}.Release|Any CPU.ActiveCfg = Release|Any CPU
		{98C9F836-7D86-4162-AFC0-71B62CC494A6}.Release|Any CPU.Build.0 = Release|Any CPU
		{707D8CD4-7888-4B09-A873-D56A3B301837}.Debug|Any CPU.ActiveCfg = Debug|Any CPU
		{707D8CD4-7888-4B09-A873-D56A3B301837}.Debug|Any CPU.Build.0 = Debug|Any CPU
		{707D8CD4-7888-4B09-A873-D56A3B301837}.Release|Any CPU.ActiveCfg = Release|Any CPU
		{707D8CD4-7888-4B09-A873-D56A3B301837}.Release|Any CPU.Build.0 = Release|Any CPU
	EndGlobalSection
	GlobalSection(SolutionProperties) = preSolution
		HideSolutionNode = FALSE
	EndGlobalSection
	GlobalSection(NestedProjects) = preSolution
		{470A96A5-80F3-4F0C-AACE-2F44E5F7E1C7} = {F531EF61-4EAA-4627-84AC-1C88C7691472}
		{2CF03FB0-692C-41B7-9359-66962AF9696C} = {470A96A5-80F3-4F0C-AACE-2F44E5F7E1C7}
		{846E2165-B7B6-4A60-BF4E-0D80900BEDAC} = {470A96A5-80F3-4F0C-AACE-2F44E5F7E1C7}
		{34B57C9F-654F-4300-893E-BEAC43F2362C} = {F531EF61-4EAA-4627-84AC-1C88C7691472}
		{51F32225-2B2B-4A54-BB90-A515E9FBB1B0} = {34B57C9F-654F-4300-893E-BEAC43F2362C}
		{541D5CB0-D244-41E7-9E42-527234BCA71E} = {F531EF61-4EAA-4627-84AC-1C88C7691472}
		{86498333-D869-4F11-B711-161ADB576B2E} = {541D5CB0-D244-41E7-9E42-527234BCA71E}
		{88E38D3C-A4A3-49EC-9102-7B498AD1F629} = {F531EF61-4EAA-4627-84AC-1C88C7691472}
		{535A88E2-60F5-41D3-87FF-278BBDC0CE3A} = {88E38D3C-A4A3-49EC-9102-7B498AD1F629}
		{35DD0BE2-FF3B-49BA-A554-364A37136DD1} = {F531EF61-4EAA-4627-84AC-1C88C7691472}
		{B5E052F8-7B96-4138-B633-6069E8084BC9} = {35DD0BE2-FF3B-49BA-A554-364A37136DD1}
		{394A380A-A67F-4C6A-98A5-2DBCA1AFDA8E} = {F531EF61-4EAA-4627-84AC-1C88C7691472}
		{5E6FFD9B-C023-4392-8B2C-7C1B918DE94A} = {394A380A-A67F-4C6A-98A5-2DBCA1AFDA8E}
		{CD524724-98C0-4F93-8B25-07E300C4871C} = {394A380A-A67F-4C6A-98A5-2DBCA1AFDA8E}
		{7F454D23-F0D3-4BB2-91EB-D50EB6CC6BF3} = {394A380A-A67F-4C6A-98A5-2DBCA1AFDA8E}
		{481B2D4C-2E70-4C9C-AE6F-73B434FBEC4E} = {394A380A-A67F-4C6A-98A5-2DBCA1AFDA8E}
		{6F9BC828-6984-45FA-98A3-1AA2D0CE562D} = {F531EF61-4EAA-4627-84AC-1C88C7691472}
		{DB2AB5C0-D33F-4249-93BC-663FD2D9128D} = {6F9BC828-6984-45FA-98A3-1AA2D0CE562D}
		{D2ABC612-8FF2-4EDB-94CD-FE5557E5B7E2} = {6F9BC828-6984-45FA-98A3-1AA2D0CE562D}
		{F8F6A1F5-C40C-4F37-A66D-81CC02A8BD99} = {F531EF61-4EAA-4627-84AC-1C88C7691472}
		{7ED9682B-09F6-4218-A7E4-CC8B6688BD60} = {F8F6A1F5-C40C-4F37-A66D-81CC02A8BD99}
		{64ACF697-70B0-4D2A-A91C-716C27EEC078} = {6F9BC828-6984-45FA-98A3-1AA2D0CE562D}
		{23AD8FA4-4A1E-40FB-9539-28A8587EB922} = {B56E8359-CF0C-4551-9854-1A6A941BC2BF}
		{B393E83F-BC8D-4754-95E2-36281604F14F} = {23AD8FA4-4A1E-40FB-9539-28A8587EB922}
		{0BD511B0-D16B-452A-88C8-0FBD83290684} = {23AD8FA4-4A1E-40FB-9539-28A8587EB922}
		{DCD337FA-19CB-416F-90B8-FA070B0EBD14} = {23AD8FA4-4A1E-40FB-9539-28A8587EB922}
		{74DB6C7A-2E9C-46E3-8D63-2D3A19B615FF} = {23AD8FA4-4A1E-40FB-9539-28A8587EB922}
		{ED5D212D-4D44-4F62-97CB-93DB5D26AAE4} = {B56E8359-CF0C-4551-9854-1A6A941BC2BF}
		{2C193907-6258-4AD7-83EB-7361CB80F594} = {ED5D212D-4D44-4F62-97CB-93DB5D26AAE4}
		{10F05AD3-F2F3-4688-9F3C-10807A76DAC3} = {ED5D212D-4D44-4F62-97CB-93DB5D26AAE4}
		{EEBC251A-0FEE-41AE-912B-DAA40F3F701F} = {ED5D212D-4D44-4F62-97CB-93DB5D26AAE4}
		{778CE9B7-0BAD-4571-B4DF-27905C51CF45} = {B56E8359-CF0C-4551-9854-1A6A941BC2BF}
		{873B022B-BA77-4A0F-88DB-6356B46A667D} = {778CE9B7-0BAD-4571-B4DF-27905C51CF45}
		{A6ED37E3-5D2B-4871-BCBC-258FD0B0BDDD} = {778CE9B7-0BAD-4571-B4DF-27905C51CF45}
		{6F6ACD36-7EE5-4F8E-9BC3-3897A5151286} = {778CE9B7-0BAD-4571-B4DF-27905C51CF45}
		{9915B31E-D294-4681-8353-517BDA74E303} = {B56E8359-CF0C-4551-9854-1A6A941BC2BF}
		{AA40C796-5079-4022-B7E7-0B8173F8800A} = {9915B31E-D294-4681-8353-517BDA74E303}
		{F10F5447-3D31-40C1-A451-562BD26A7B9B} = {9915B31E-D294-4681-8353-517BDA74E303}
		{D4530C2A-B792-454F-8670-AEC6F885C37C} = {9915B31E-D294-4681-8353-517BDA74E303}
		{A9D910ED-FFD6-4326-8D2F-051F2D933D68} = {9915B31E-D294-4681-8353-517BDA74E303}
		{98D98AC7-0198-4C1A-96F9-513BB7193F07} = {9915B31E-D294-4681-8353-517BDA74E303}
		{D3E6D2EA-01CA-4795-B846-E8C7FBDE0051} = {9915B31E-D294-4681-8353-517BDA74E303}
		{26A4FEFE-0D1B-49CD-BBBB-C8306F536222} = {9915B31E-D294-4681-8353-517BDA74E303}
		{C3854902-37EA-478F-8811-4CC3AF82C404} = {9915B31E-D294-4681-8353-517BDA74E303}
		{426302C6-EFEC-4334-8CE7-610F822DA0D9} = {B56E8359-CF0C-4551-9854-1A6A941BC2BF}
		{B4144917-1E2F-4BC3-86E4-5A99BB8A46D8} = {426302C6-EFEC-4334-8CE7-610F822DA0D9}
		{1FA96E9C-419B-477F-BFD7-418ED18E7F48} = {426302C6-EFEC-4334-8CE7-610F822DA0D9}
		{64F49500-B1A7-4FD3-BF97-FD575A36BA14} = {426302C6-EFEC-4334-8CE7-610F822DA0D9}
		{33E20B04-AE58-44B7-ACF1-4FC4B98CE64D} = {426302C6-EFEC-4334-8CE7-610F822DA0D9}
		{DC8FAE89-4E6D-40E4-92B3-65944B06FBD5} = {426302C6-EFEC-4334-8CE7-610F822DA0D9}
		{FC851104-6476-40D7-B658-1FFB1FD5DF10} = {C69605C0-6009-4CF2-AB61-6785AFAFC4DC}
		{63140D6C-7B83-4B61-8B86-9BAB37374600} = {FC851104-6476-40D7-B658-1FFB1FD5DF10}
		{B3198E34-418B-4151-88A1-D0E8B5F544CE} = {FC851104-6476-40D7-B658-1FFB1FD5DF10}
		{679B3284-CB31-4EBF-BFF5-0E0D6805DA4A} = {C69605C0-6009-4CF2-AB61-6785AFAFC4DC}
		{474539E0-6F84-4015-9087-F7A3FFAD2C3E} = {679B3284-CB31-4EBF-BFF5-0E0D6805DA4A}
		{5682F7DC-9D7C-4076-9BE4-A9C86397420E} = {679B3284-CB31-4EBF-BFF5-0E0D6805DA4A}
		{4C6A169E-90DF-4B43-9405-670F41895B69} = {679B3284-CB31-4EBF-BFF5-0E0D6805DA4A}
		{5A30C10C-4854-45F6-9490-6126D55A7C38} = {C69605C0-6009-4CF2-AB61-6785AFAFC4DC}
		{2E4B224E-2298-4317-AB1B-856FFD8E0FBC} = {5A30C10C-4854-45F6-9490-6126D55A7C38}
		{08A9B1C5-A040-4D80-B197-87C840FA59F6} = {5A30C10C-4854-45F6-9490-6126D55A7C38}
		{8220BFD4-E667-431A-AEE5-6FF36C5513D6} = {C69605C0-6009-4CF2-AB61-6785AFAFC4DC}
		{99C67E52-D041-46BE-83FA-230C56007474} = {8220BFD4-E667-431A-AEE5-6FF36C5513D6}
		{1591CADA-AA43-4858-985E-1A7C3E325FB3} = {8220BFD4-E667-431A-AEE5-6FF36C5513D6}
		{7952BC87-0FA9-442D-BDDF-B773ACAD4624} = {8220BFD4-E667-431A-AEE5-6FF36C5513D6}
		{9F00577A-46A5-4747-A44D-D4F534C3BD66} = {8220BFD4-E667-431A-AEE5-6FF36C5513D6}
		{33B4A755-3A8E-413D-9FFB-2137590C4514} = {8220BFD4-E667-431A-AEE5-6FF36C5513D6}
		{0B298D9F-44AC-4F6F-93E9-0BC875FBA5FE} = {8220BFD4-E667-431A-AEE5-6FF36C5513D6}
		{A33F4F93-51AF-4383-865E-2EFC9C0554E9} = {8220BFD4-E667-431A-AEE5-6FF36C5513D6}
		{4EECFF11-18C6-4D9E-9E0D-28FC12D8BAFB} = {C69605C0-6009-4CF2-AB61-6785AFAFC4DC}
		{1A123879-7DC9-47AC-A248-67C1D9A91802} = {4EECFF11-18C6-4D9E-9E0D-28FC12D8BAFB}
		{5C49896C-9400-4EAD-942E-0EC6BFE3C920} = {4EECFF11-18C6-4D9E-9E0D-28FC12D8BAFB}
		{B43BFEDE-0443-49FB-AC2D-206DBC3D3A5D} = {C69605C0-6009-4CF2-AB61-6785AFAFC4DC}
		{D1D7E5F5-0E01-493A-9FAA-065B860DAB80} = {B43BFEDE-0443-49FB-AC2D-206DBC3D3A5D}
		{40517DD5-7ADD-4C5B-877E-91B901375A13} = {B43BFEDE-0443-49FB-AC2D-206DBC3D3A5D}
		{98C9F836-7D86-4162-AFC0-71B62CC494A6} = {B43BFEDE-0443-49FB-AC2D-206DBC3D3A5D}
		{C0702DC3-0265-4ABF-AF24-E790C4498989} = {C69605C0-6009-4CF2-AB61-6785AFAFC4DC}
		{707D8CD4-7888-4B09-A873-D56A3B301837} = {C0702DC3-0265-4ABF-AF24-E790C4498989}
	EndGlobalSection
	GlobalSection(ExtensibilityGlobals) = postSolution
		SolutionGuid = {25ADB0E8-BE92-4ACC-BE75-04FAFD2D0615}
	EndGlobalSection
EndGlobal
